
Microsoft Visual Studio Solution File, Format Version 12.00
# Visual Studio 15
VisualStudioVersion = 15.0.28307.757
MinimumVisualStudioVersion = 10.0.40219.1
Project("{FAE04EC0-301F-11D3-BF4B-00C04F79EFBC}") = "Add prefix to drawing name", "Add prefix to drawing name\Add prefix to drawing name.csproj", "{204A0CD5-941D-44BC-B8B2-1E1590B9C67C}"
EndProject
Global
	GlobalSection(SolutionConfigurationPlatforms) = preSolution
		Debug|Any CPU = Debug|Any CPU
		Release|Any CPU = Release|Any CPU
	EndGlobalSection
	GlobalSection(ProjectConfigurationPlatforms) = postSolution
		{204A0CD5-941D-44BC-B8B2-1E1590B9C67C}.Debug|Any CPU.ActiveCfg = Debug|Any CPU
		{204A0CD5-941D-44BC-B8B2-1E1590B9C67C}.Debug|Any CPU.Build.0 = Debug|Any CPU
		{204A0CD5-941D-44BC-B8B2-1E1590B9C67C}.Release|Any CPU.ActiveCfg = Release|Any CPU
		{204A0CD5-941D-44BC-B8B2-1E1590B9C67C}.Release|Any CPU.Build.0 = Release|Any CPU
	EndGlobalSection
	GlobalSection(SolutionProperties) = preSolution
		HideSolutionNode = FALSE
	EndGlobalSection
	GlobalSection(ExtensibilityGlobals) = postSolution
		SolutionGuid = {7AAB92DC-47B9-43D8-8206-09F08345E810}
	EndGlobalSection
EndGlobal
